
Microsoft Visual Studio Solution File, Format Version 12.00
# Visual Studio Version 17
VisualStudioVersion = 17.13.35825.156
MinimumVisualStudioVersion = 10.0.40219.1
Project("{FAE04EC0-301F-11D3-BF4B-00C04F79EFBC}") = "MagicVilla_VillaAPI", "MagicVilla_VillaAPI\MagicVilla_VillaAPI.csproj", "{F1A361AF-5A9D-4FA9-A8DA-942212558173}"
EndProject
Project("{FAE04EC0-301F-11D3-BF4B-00C04F79EFBC}") = "MagicVilla_Web", "MagicVilla_Web\MagicVilla_Web.csproj", "{A5CFFD9D-652F-4290-8855-A05A3C60B1B6}"
EndProject
Project("{FAE04EC0-301F-11D3-BF4B-00C04F79EFBC}") = "MagicVilla_Utility", "MagicVilla_Utility\MagicVilla_Utility.csproj", "{896C5A6F-B7E4-4FD8-8774-B0A22F9E8275}"
EndProject
Global
	GlobalSection(SolutionConfigurationPlatforms) = preSolution
		Debug|Any CPU = Debug|Any CPU
		Release|Any CPU = Release|Any CPU
	EndGlobalSection
	GlobalSection(ProjectConfigurationPlatforms) = postSolution
		{F1A361AF-5A9D-4FA9-A8DA-942212558173}.Debug|Any CPU.ActiveCfg = Debug|Any CPU
		{F1A361AF-5A9D-4FA9-A8DA-942212558173}.Debug|Any CPU.Build.0 = Debug|Any CPU
		{F1A361AF-5A9D-4FA9-A8DA-942212558173}.Release|Any CPU.ActiveCfg = Release|Any CPU
		{F1A361AF-5A9D-4FA9-A8DA-942212558173}.Release|Any CPU.Build.0 = Release|Any CPU
		{A5CFFD9D-652F-4290-8855-A05A3C60B1B6}.Debug|Any CPU.ActiveCfg = Debug|Any CPU
		{A5CFFD9D-652F-4290-8855-A05A3C60B1B6}.Debug|Any CPU.Build.0 = Debug|Any CPU
		{A5CFFD9D-652F-4290-8855-A05A3C60B1B6}.Release|Any CPU.ActiveCfg = Release|Any CPU
		{A5CFFD9D-652F-4290-8855-A05A3C60B1B6}.Release|Any CPU.Build.0 = Release|Any CPU
		{896C5A6F-B7E4-4FD8-8774-B0A22F9E8275}.Debug|Any CPU.ActiveCfg = Debug|Any CPU
		{896C5A6F-B7E4-4FD8-8774-B0A22F9E8275}.Debug|Any CPU.Build.0 = Debug|Any CPU
		{896C5A6F-B7E4-4FD8-8774-B0A22F9E8275}.Release|Any CPU.ActiveCfg = Release|Any CPU
		{896C5A6F-B7E4-4FD8-8774-B0A22F9E8275}.Release|Any CPU.Build.0 = Release|Any CPU
	EndGlobalSection
	GlobalSection(SolutionProperties) = preSolution
		HideSolutionNode = FALSE
	EndGlobalSection
	GlobalSection(ExtensibilityGlobals) = postSolution
		SolutionGuid = {4A87E716-BBEE-4806-BCBC-2E22FF3D8223}
	EndGlobalSection
EndGlobal
